# This file is automatically @generated by Cargo.
# It is not intended for manual editing.
version = 4

[[package]]
name = "bcs"
version = "0.1.6"
source = "registry+https://github.com/rust-lang/crates.io-index"
checksum = "85b6598a2f5d564fb7855dc6b06fd1c38cff5a72bd8b863a4d021938497b440a"
dependencies = [
 "serde",
 "thiserror",
]

[[package]]
name = "encrypt-dsl"
version = "0.1.0"
source = "git+https://github.com/dwallet-labs/encrypt-pre-alpha#855519aef7f77e6c8564660205d391a666c07768"
dependencies = [
 "encrypt-dsl-macros",
 "encrypt-types",
]

[[package]]
name = "encrypt-dsl-compile"
version = "0.1.0"
source = "git+https://github.com/dwallet-labs/encrypt-pre-alpha#855519aef7f77e6c8564660205d391a666c07768"
dependencies = [
 "proc-macro2",
 "quote",
 "syn",
]

[[package]]
name = "encrypt-dsl-macros"
version = "0.1.0"
source = "git+https://github.com/dwallet-labs/encrypt-pre-alpha#855519aef7f77e6c8564660205d391a666c07768"
dependencies = [
 "encrypt-dsl-compile",
 "syn",
]

[[package]]
name = "encrypt-pinocchio"
version = "0.1.0"
source = "git+https://github.com/dwallet-labs/encrypt-pre-alpha#855519aef7f77e6c8564660205d391a666c07768"
dependencies = [
 "encrypt-solana-types",
 "encrypt-types",
 "pinocchio",
]

[[package]]
name = "encrypt-solana-dsl"
version = "0.1.0"
source = "git+https://github.com/dwallet-labs/encrypt-pre-alpha#855519aef7f77e6c8564660205d391a666c07768"
dependencies = [
 "encrypt-dsl",
 "encrypt-solana-dsl-macros",
 "encrypt-solana-types",
 "encrypt-types",
]

[[package]]
name = "encrypt-solana-dsl-macros"
version = "0.1.0"
source = "git+https://github.com/dwallet-labs/encrypt-pre-alpha#855519aef7f77e6c8564660205d391a666c07768"
dependencies = [
 "encrypt-dsl-compile",
 "proc-macro2",
 "quote",
 "syn",
]

[[package]]
name = "encrypt-solana-types"
version = "0.1.0"
source = "git+https://github.com/dwallet-labs/encrypt-pre-alpha#855519aef7f77e6c8564660205d391a666c07768"
dependencies = [
 "encrypt-types",
]

[[package]]
name = "encrypt-types"
version = "0.1.0"
source = "git+https://github.com/dwallet-labs/encrypt-pre-alpha#855519aef7f77e6c8564660205d391a666c07768"
dependencies = [
 "bcs",
 "serde",
]

[[package]]
name = "ika-dwallet-pinocchio"
version = "0.1.0"
source = "git+https://github.com/dwallet-labs/ika-pre-alpha#88a1f42769fc1784e7e2d1cff7ebd1ad0d1ed8f4"
dependencies = [
 "pinocchio",
]

[[package]]
name = "pinocchio"
version = "0.10.2"
source = "registry+https://github.com/rust-lang/crates.io-index"
checksum = "c06810dac15a4ef83d3dabdb4f2f22fb39c9adff669cd2781da4f716510a647c"
dependencies = [
 "solana-account-view",
 "solana-address",
 "solana-define-syscall 4.0.1",
 "solana-instruction-view",
 "solana-program-error",
]

[[package]]
name = "private-rfq"
version = "0.1.0"
dependencies = [
 "encrypt-pinocchio",
 "encrypt-solana-dsl",
 "encrypt-types",
 "ika-dwallet-pinocchio",
 "pinocchio",
 "private-rfq-circuit",
 "solana-instruction-view",
]

[[package]]
name = "private-rfq-circuit"
version = "0.1.0"
dependencies = [
 "encrypt-pinocchio",
 "encrypt-solana-dsl",
 "encrypt-types",
 "pinocchio",
]

[[package]]
name = "proc-macro2"
version = "1.0.106"
source = "registry+https://github.com/rust-lang/crates.io-index"
checksum = "8fd00f0bb2e90d81d1044c2b32617f68fcb9fa3bb7640c23e9c748e53fb30934"
dependencies = [
 "unicode-ident",
]

[[package]]
name = "quote"
version = "1.0.45"
source = "registry+https://github.com/rust-lang/crates.io-index"
checksum = "41f2619966050689382d2b44f664f4bc593e129785a36d6ee376ddf37259b924"
dependencies = [
 "proc-macro2",
]

[[package]]
name = "serde"
version = "1.0.228"
source = "registry+https://github.com/rust-lang/crates.io-index"
checksum = "9a8e94ea7f378bd32cbbd37198a4a91436180c5bb472411e48b5ec2e2124ae9e"
dependencies = [
 "serde_core",
 "serde_derive",
]

[[package]]
name = "serde_core"
version = "1.0.228"
source = "registry+https://github.com/rust-lang/crates.io-index"
checksum = "41d385c7d4ca58e59fc732af25c3983b67ac852c1a25000afe1175de458b67ad"
dependencies = [
 "serde_derive",
]

[[package]]
name = "serde_derive"
version = "1.0.228"
source = "registry+https://github.com/rust-lang/crates.io-index"
checksum = "d540f220d3187173da220f885ab66608367b6574e925011a9353e4badda91d79"
dependencies = [
 "proc-macro2",
 "quote",
 "syn",
]

[[package]]
name = "solana-account-view"
version = "1.0.0"
source = "registry+https://github.com/rust-lang/crates.io-index"
checksum = "f37ca34c37f92ee341b73d5ce7c8ef5bb38e9a87955b4bd343c63fa18b149215"
dependencies = [
 "solana-address",
 "solana-program-error",
]

[[package]]
name = "solana-address"
version = "2.6.0"
source = "registry+https://github.com/rust-lang/crates.io-index"
checksum = "f1384b52c435a750cc9c538760fc7bb472fd78e65a9900a2d07312c5bb335b72"
dependencies = [
 "solana-define-syscall 5.0.0",
 "solana-program-error",
]

[[package]]
name = "solana-define-syscall"
version = "4.0.1"
source = "registry+https://github.com/rust-lang/crates.io-index"
checksum = "57e5b1c0bc1d4a4d10c88a4100499d954c09d3fecfae4912c1a074dff68b1738"

[[package]]
name = "solana-define-syscall"
version = "5.0.0"
source = "registry+https://github.com/rust-lang/crates.io-index"
checksum = "03aacdd7a61e2109887a7a7f046caebafce97ddf1150f33722eeac04f9039c73"

[[package]]
name = "solana-instruction-view"
version = "1.0.0"
source = "registry+https://github.com/rust-lang/crates.io-index"
checksum = "60147e4d0a4620013df40bf30a86dd299203ff12fcb8b593cd51014fce0875d8"
dependencies = [
 "solana-account-view",
 "solana-address",
 "solana-define-syscall 4.0.1",
 "solana-program-error",
]

[[package]]
name = "solana-program-error"
version = "3.0.1"
source = "registry+https://github.com/rust-lang/crates.io-index"
checksum = "4f04fa578707b3612b095f0c8e19b66a1233f7c42ca8082fcb3b745afcc0add6"

[[package]]
name = "syn"
version = "2.0.117"
source = "registry+https://github.com/rust-lang/crates.io-index"
checksum = "e665b8803e7b1d2a727f4023456bbbbe74da67099c585258af0ad9c5013b9b99"
dependencies = [
 "proc-macro2",
 "quote",
 "unicode-ident",
]

[[package]]
name = "thiserror"
version = "1.0.69"
source = "registry+https://github.com/rust-lang/crates.io-index"
checksum = "b6aaf5339b578ea85b50e080feb250a3e8ae8cfcdff9a461c9ec2904bc923f52"
dependencies = [
 "thiserror-impl",
]

[[package]]
name = "thiserror-impl"
version = "1.0.69"
source = "registry+https://github.com/rust-lang/crates.io-index"
checksum = "4fee6c4efc90059e10f81e6d42c60a18f76588c3d74cb83a0b242a2b6c7504c1"
dependencies = [
 "proc-macro2",
 "quote",
 "syn",
]

[[package]]
name = "unicode-ident"
version = "1.0.24"
source = "registry+https://github.com/rust-lang/crates.io-index"
checksum = "e6e4313cd5fcd3dad5cafa179702e2b244f760991f45397d14d4ebf38247da75"
